
Microsoft Visual Studio Solution File, Format Version 12.00
# Visual Studio Version 17
VisualStudioVersion = 17.11.35327.3
MinimumVisualStudioVersion = 10.0.40219.1
Project("{FAE04EC0-301F-11D3-BF4B-00C04F79EFBC}") = "hw1", "hw1.csproj", "{3FD5D8F8-4D3F-49EF-94A7-08D715BA1980}"
EndProject
Global
	GlobalSection(SolutionConfigurationPlatforms) = preSolution
		Debug|Any CPU = Debug|Any CPU
		Release|Any CPU = Release|Any CPU
	EndGlobalSection
	GlobalSection(ProjectConfigurationPlatforms) = postSolution
		{3FD5D8F8-4D3F-49EF-94A7-08D715BA1980}.Debug|Any CPU.ActiveCfg = Debug|Any CPU
		{3FD5D8F8-4D3F-49EF-94A7-08D715BA1980}.Debug|Any CPU.Build.0 = Debug|Any CPU
		{3FD5D8F8-4D3F-49EF-94A7-08D715BA1980}.Release|Any CPU.ActiveCfg = Release|Any CPU
		{3FD5D8F8-4D3F-49EF-94A7-08D715BA1980}.Release|Any CPU.Build.0 = Release|Any CPU
	EndGlobalSection
	GlobalSection(SolutionProperties) = preSolution
		HideSolutionNode = FALSE
	EndGlobalSection
	GlobalSection(ExtensibilityGlobals) = postSolution
		SolutionGuid = {5BDEAC0F-0164-4D79-879F-720FB1ABDCF3}
	EndGlobalSection
EndGlobal
